
Microsoft Visual Studio Solution File, Format Version 12.00
# Visual Studio 14
VisualStudioVersion = 14.0.25123.0
MinimumVisualStudioVersion = 10.0.40219.1
Project("{FAE04EC0-301F-11D3-BF4B-00C04F79EFBC}") = "Web", "Web\Web.csproj", "{0AA6FAD3-CDFA-4B49-940A-992A5D22A86C}"
EndProject
Project("{FAE04EC0-301F-11D3-BF4B-00C04F79EFBC}") = "Web.Tests", "Web.Tests\Web.Tests.csproj", "{95544F3C-A11C-40AB-B7A8-399AED60EC7A}"
EndProject
Global
	GlobalSection(SolutionConfigurationPlatforms) = preSolution
		Debug|Any CPU = Debug|Any CPU
		Release|Any CPU = Release|Any CPU
	EndGlobalSection
	GlobalSection(ProjectConfigurationPlatforms) = postSolution
		{0AA6FAD3-CDFA-4B49-940A-992A5D22A86C}.Debug|Any CPU.ActiveCfg = Debug|Any CPU
		{0AA6FAD3-CDFA-4B49-940A-992A5D22A86C}.Debug|Any CPU.Build.0 = Debug|Any CPU
		{0AA6FAD3-CDFA-4B49-940A-992A5D22A86C}.Release|Any CPU.ActiveCfg = Release|Any CPU
		{0AA6FAD3-CDFA-4B49-940A-992A5D22A86C}.Release|Any CPU.Build.0 = Release|Any CPU
		{95544F3C-A11C-40AB-B7A8-399AED60EC7A}.Debug|Any CPU.ActiveCfg = Debug|Any CPU
		{95544F3C-A11C-40AB-B7A8-399AED60EC7A}.Debug|Any CPU.Build.0 = Debug|Any CPU
		{95544F3C-A11C-40AB-B7A8-399AED60EC7A}.Release|Any CPU.ActiveCfg = Release|Any CPU
		{95544F3C-A11C-40AB-B7A8-399AED60EC7A}.Release|Any CPU.Build.0 = Release|Any CPU
	EndGlobalSection
	GlobalSection(SolutionProperties) = preSolution
		HideSolutionNode = FALSE
	EndGlobalSection
EndGlobal
